
Microsoft Visual Studio Solution File, Format Version 12.00
# Visual Studio 15
VisualStudioVersion = 15.0.28307.705
MinimumVisualStudioVersion = 10.0.40219.1
Project("{FAE04EC0-301F-11D3-BF4B-00C04F79EFBC}") = "Test 1", "Test 1\Test 1.csproj", "{12AD0C3C-1D62-4A49-BA1B-870F92E7A181}"
EndProject
Project("{FAE04EC0-301F-11D3-BF4B-00C04F79EFBC}") = "Priceadd", "Priceadd\Priceadd.csproj", "{2291268B-2C30-4048-8420-F35672E37244}"
EndProject
Project("{FAE04EC0-301F-11D3-BF4B-00C04F79EFBC}") = "Algebra", "Algebra\Algebra.csproj", "{29F5DE3E-EFC7-42F9-B1A7-7AD346FD71AB}"
EndProject
Global
	GlobalSection(SolutionConfigurationPlatforms) = preSolution
		Debug|Any CPU = Debug|Any CPU
		Release|Any CPU = Release|Any CPU
	EndGlobalSection
	GlobalSection(ProjectConfigurationPlatforms) = postSolution
		{12AD0C3C-1D62-4A49-BA1B-870F92E7A181}.Debug|Any CPU.ActiveCfg = Debug|Any CPU
		{12AD0C3C-1D62-4A49-BA1B-870F92E7A181}.Debug|Any CPU.Build.0 = Debug|Any CPU
		{12AD0C3C-1D62-4A49-BA1B-870F92E7A181}.Release|Any CPU.ActiveCfg = Release|Any CPU
		{12AD0C3C-1D62-4A49-BA1B-870F92E7A181}.Release|Any CPU.Build.0 = Release|Any CPU
		{2291268B-2C30-4048-8420-F35672E37244}.Debug|Any CPU.ActiveCfg = Debug|Any CPU
		{2291268B-2C30-4048-8420-F35672E37244}.Debug|Any CPU.Build.0 = Debug|Any CPU
		{2291268B-2C30-4048-8420-F35672E37244}.Release|Any CPU.ActiveCfg = Release|Any CPU
		{2291268B-2C30-4048-8420-F35672E37244}.Release|Any CPU.Build.0 = Release|Any CPU
		{29F5DE3E-EFC7-42F9-B1A7-7AD346FD71AB}.Debug|Any CPU.ActiveCfg = Debug|Any CPU
		{29F5DE3E-EFC7-42F9-B1A7-7AD346FD71AB}.Debug|Any CPU.Build.0 = Debug|Any CPU
		{29F5DE3E-EFC7-42F9-B1A7-7AD346FD71AB}.Release|Any CPU.ActiveCfg = Release|Any CPU
		{29F5DE3E-EFC7-42F9-B1A7-7AD346FD71AB}.Release|Any CPU.Build.0 = Release|Any CPU
	EndGlobalSection
	GlobalSection(SolutionProperties) = preSolution
		HideSolutionNode = FALSE
	EndGlobalSection
	GlobalSection(ExtensibilityGlobals) = postSolution
		SolutionGuid = {458DC968-4B91-4AF5-B03D-D9DBDF1CA1F6}
	EndGlobalSection
EndGlobal
